
Microsoft Visual Studio Solution File, Format Version 12.00
# Visual Studio Version 16
VisualStudioVersion = 16.0.31729.503
MinimumVisualStudioVersion = 10.0.40219.1
Project("{FAE04EC0-301F-11D3-BF4B-00C04F79EFBC}") = "TempConverter", "TempConverter\TempConverter.csproj", "{D407CB49-E30D-433D-A523-42E6A447C354}"
EndProject
Global
	GlobalSection(SolutionConfigurationPlatforms) = preSolution
		Debug|Any CPU = Debug|Any CPU
		Release|Any CPU = Release|Any CPU
	EndGlobalSection
	GlobalSection(ProjectConfigurationPlatforms) = postSolution
		{D407CB49-E30D-433D-A523-42E6A447C354}.Debug|Any CPU.ActiveCfg = Debug|Any CPU
		{D407CB49-E30D-433D-A523-42E6A447C354}.Debug|Any CPU.Build.0 = Debug|Any CPU
		{D407CB49-E30D-433D-A523-42E6A447C354}.Release|Any CPU.ActiveCfg = Release|Any CPU
		{D407CB49-E30D-433D-A523-42E6A447C354}.Release|Any CPU.Build.0 = Release|Any CPU
	EndGlobalSection
	GlobalSection(SolutionProperties) = preSolution
		HideSolutionNode = FALSE
	EndGlobalSection
	GlobalSection(ExtensibilityGlobals) = postSolution
		SolutionGuid = {23559732-0184-4790-A0DF-428D7B87ADDC}
	EndGlobalSection
EndGlobal
